
Microsoft Visual Studio Solution File, Format Version 12.00
# Visual Studio Version 16
VisualStudioVersion = 16.0.33920.266
MinimumVisualStudioVersion = 10.0.40219.1
Project("{FAE04EC0-301F-11D3-BF4B-00C04F79EFBC}") = "Hesabdari.App", "Hesabdari.App\Hesabdari.App.csproj", "{E7AE6C51-7AD2-4601-9545-2F76896B7484}"
EndProject
Project("{FAE04EC0-301F-11D3-BF4B-00C04F79EFBC}") = "Hesabdari.Business", "Hesabdari.Business\Hesabdari.Business.csproj", "{F1EB47CD-7DD9-45D7-A382-07E706C5DB41}"
EndProject
Project("{FAE04EC0-301F-11D3-BF4B-00C04F79EFBC}") = "Hesabdari.DataLayer", "Hesabdari.DataLayer\Hesabdari.DataLayer.csproj", "{D4263EB6-7375-4590-BD31-7FB2607883A6}"
EndProject
Project("{FAE04EC0-301F-11D3-BF4B-00C04F79EFBC}") = "Hesabdari.ViewModels", "Hesabdari.ViewModels\Hesabdari.ViewModels.csproj", "{19EBA26A-1E21-4308-8155-76E8F6A1B041}"
EndProject
Project("{FAE04EC0-301F-11D3-BF4B-00C04F79EFBC}") = "Hesabdari.Utility", "Hesabdari.Utility\Hesabdari.Utility.csproj", "{F4344F15-88A7-4C21-92E2-20C1AF320982}"
EndProject
Global
	GlobalSection(SolutionConfigurationPlatforms) = preSolution
		Debug|Any CPU = Debug|Any CPU
		Release|Any CPU = Release|Any CPU
	EndGlobalSection
	GlobalSection(ProjectConfigurationPlatforms) = postSolution
		{E7AE6C51-7AD2-4601-9545-2F76896B7484}.Debug|Any CPU.ActiveCfg = Debug|Any CPU
		{E7AE6C51-7AD2-4601-9545-2F76896B7484}.Debug|Any CPU.Build.0 = Debug|Any CPU
		{E7AE6C51-7AD2-4601-9545-2F76896B7484}.Release|Any CPU.ActiveCfg = Release|Any CPU
		{E7AE6C51-7AD2-4601-9545-2F76896B7484}.Release|Any CPU.Build.0 = Release|Any CPU
		{F1EB47CD-7DD9-45D7-A382-07E706C5DB41}.Debug|Any CPU.ActiveCfg = Debug|Any CPU
		{F1EB47CD-7DD9-45D7-A382-07E706C5DB41}.Debug|Any CPU.Build.0 = Debug|Any CPU
		{F1EB47CD-7DD9-45D7-A382-07E706C5DB41}.Release|Any CPU.ActiveCfg = Release|Any CPU
		{F1EB47CD-7DD9-45D7-A382-07E706C5DB41}.Release|Any CPU.Build.0 = Release|Any CPU
		{D4263EB6-7375-4590-BD31-7FB2607883A6}.Debug|Any CPU.ActiveCfg = Debug|Any CPU
		{D4263EB6-7375-4590-BD31-7FB2607883A6}.Debug|Any CPU.Build.0 = Debug|Any CPU
		{D4263EB6-7375-4590-BD31-7FB2607883A6}.Release|Any CPU.ActiveCfg = Release|Any CPU
		{D4263EB6-7375-4590-BD31-7FB2607883A6}.Release|Any CPU.Build.0 = Release|Any CPU
		{19EBA26A-1E21-4308-8155-76E8F6A1B041}.Debug|Any CPU.ActiveCfg = Debug|Any CPU
		{19EBA26A-1E21-4308-8155-76E8F6A1B041}.Debug|Any CPU.Build.0 = Debug|Any CPU
		{19EBA26A-1E21-4308-8155-76E8F6A1B041}.Release|Any CPU.ActiveCfg = Release|Any CPU
		{19EBA26A-1E21-4308-8155-76E8F6A1B041}.Release|Any CPU.Build.0 = Release|Any CPU
		{F4344F15-88A7-4C21-92E2-20C1AF320982}.Debug|Any CPU.ActiveCfg = Debug|Any CPU
		{F4344F15-88A7-4C21-92E2-20C1AF320982}.Debug|Any CPU.Build.0 = Debug|Any CPU
		{F4344F15-88A7-4C21-92E2-20C1AF320982}.Release|Any CPU.ActiveCfg = Release|Any CPU
		{F4344F15-88A7-4C21-92E2-20C1AF320982}.Release|Any CPU.Build.0 = Release|Any CPU
	EndGlobalSection
	GlobalSection(SolutionProperties) = preSolution
		HideSolutionNode = FALSE
	EndGlobalSection
	GlobalSection(ExtensibilityGlobals) = postSolution
		SolutionGuid = {15B5E3B3-16C3-40C5-9AC4-8B0FA978AD0E}
	EndGlobalSection
EndGlobal
